
Microsoft Visual Studio Solution File, Format Version 12.00
# Visual Studio Version 17
VisualStudioVersion = 17.7.34018.315
MinimumVisualStudioVersion = 10.0.40219.1
Project("{8BC9CEB8-8B4A-11D0-8D11-00A0C91BC942}") = "我的俄罗斯方块", "我的俄罗斯方块.vcxproj", "{B61A8817-8DC0-4C7F-98FE-697D4E809952}"
EndProject
Global
	GlobalSection(SolutionConfigurationPlatforms) = preSolution
		Debug|x64 = Debug|x64
		Debug|x86 = Debug|x86
		Release|x64 = Release|x64
		Release|x86 = Release|x86
	EndGlobalSection
	GlobalSection(ProjectConfigurationPlatforms) = postSolution
		{B61A8817-8DC0-4C7F-98FE-697D4E809952}.Debug|x64.ActiveCfg = Debug|x64
		{B61A8817-8DC0-4C7F-98FE-697D4E809952}.Debug|x64.Build.0 = Debug|x64
		{B61A8817-8DC0-4C7F-98FE-697D4E809952}.Debug|x86.ActiveCfg = Debug|Win32
		{B61A8817-8DC0-4C7F-98FE-697D4E809952}.Debug|x86.Build.0 = Debug|Win32
		{B61A8817-8DC0-4C7F-98FE-697D4E809952}.Release|x64.ActiveCfg = Release|x64
		{B61A8817-8DC0-4C7F-98FE-697D4E809952}.Release|x64.Build.0 = Release|x64
		{B61A8817-8DC0-4C7F-98FE-697D4E809952}.Release|x86.ActiveCfg = Release|Win32
		{B61A8817-8DC0-4C7F-98FE-697D4E809952}.Release|x86.Build.0 = Release|Win32
	EndGlobalSection
	GlobalSection(SolutionProperties) = preSolution
		HideSolutionNode = FALSE
	EndGlobalSection
	GlobalSection(ExtensibilityGlobals) = postSolution
		SolutionGuid = {4C982B76-0555-450B-B2D8-59C6A0A28489}
	EndGlobalSection
EndGlobal
